<?xml version="1.0" encoding="UTF-8"?>
<!DOCTYPE plist PUBLIC "-//Apple//DTD PLIST 1.0//EN" "http://www.apple.com/DTDs/PropertyList-1.0.dtd">
<plist version="1.0">
<dict>
	<key>archiveVersion</key>
	<string>1</string>
	<key>classes</key>
	<dict/>
	<key>objectVersion</key>
	<string>46</string>
	<key>objects</key>
	<dict>
		<key>0701101AAF9615919271529A</key>
		<dict>
			<key>includeInIndex</key>
			<string>1</string>
			<key>isa</key>
			<string>PBXFileReference</string>
			<key>lastKnownFileType</key>
			<string>text.xcconfig</string>
			<key>name</key>
			<string>Pods-justonejess-social.debug.xcconfig</string>
			<key>path</key>
			<string>Pods/Target Support Files/Pods-justonejess-social/Pods-justonejess-social.debug.xcconfig</string>
			<key>sourceTree</key>
			<string>&lt;group&gt;</string>
		</dict>
		<key>28F25387FC63803D7FB628B8</key>
		<dict>
			<key>fileRef</key>
			<string>D1C170E7E9904A6D5ED6DD35</string>
			<key>isa</key>
			<string>PBXBuildFile</string>
		</dict>
		<key>3EB27DBEB1B8FE7AEEDF203D</key>
		<dict>
			<key>children</key>
			<array>
				<string>0701101AAF9615919271529A</string>
				<string>BD39677DECFB7A348BE2C699</string>
			</array>
			<key>isa</key>
			<string>PBXGroup</string>
			<key>name</key>
			<string>Pods</string>
			<key>sourceTree</key>
			<string>&lt;group&gt;</string>
		</dict>
		<key>6BF2C45DE6BF74CC1723B477</key>
		<dict>
			<key>buildActionMask</key>
			<string>2147483647</string>
			<key>files</key>
			<array/>
			<key>inputPaths</key>
			<array/>
			<key>isa</key>
			<string>PBXShellScriptBuildPhase</string>
			<key>name</key>
			<string>Copy Pods Resources</string>
			<key>outputPaths</key>
			<array/>
			<key>runOnlyForDeploymentPostprocessing</key>
			<string>0</string>
			<key>shellPath</key>
			<string>/bin/sh</string>
			<key>shellScript</key>
			<string>"${SRCROOT}/Pods/Target Support Files/Pods-justonejess-social/Pods-justonejess-social-resources.sh"
</string>
			<key>showEnvVarsInLog</key>
			<string>0</string>
		</dict>
		<key>BC02F1C526079AC990CB8451</key>
		<dict>
			<key>buildActionMask</key>
			<string>2147483647</string>
			<key>files</key>
			<array/>
			<key>inputPaths</key>
			<array/>
			<key>isa</key>
			<string>PBXShellScriptBuildPhase</string>
			<key>name</key>
			<string>Check Pods Manifest.lock</string>
			<key>outputPaths</key>
			<array/>
			<key>runOnlyForDeploymentPostprocessing</key>
			<string>0</string>
			<key>shellPath</key>
			<string>/bin/sh</string>
			<key>shellScript</key>
			<string>diff "${PODS_ROOT}/../Podfile.lock" "${PODS_ROOT}/Manifest.lock" &gt; /dev/null
if [[ $? != 0 ]] ; then
    cat &lt;&lt; EOM
error: The sandbox is not in sync with the Podfile.lock. Run 'pod install' or update your CocoaPods installation.
EOM
    exit 1
fi
</string>
			<key>showEnvVarsInLog</key>
			<string>0</string>
		</dict>
		<key>BD39677DECFB7A348BE2C699</key>
		<dict>
			<key>includeInIndex</key>
			<string>1</string>
			<key>isa</key>
			<string>PBXFileReference</string>
			<key>lastKnownFileType</key>
			<string>text.xcconfig</string>
			<key>name</key>
			<string>Pods-justonejess-social.release.xcconfig</string>
			<key>path</key>
			<string>Pods/Target Support Files/Pods-justonejess-social/Pods-justonejess-social.release.xcconfig</string>
			<key>sourceTree</key>
			<string>&lt;group&gt;</string>
		</dict>
		<key>C803A1181CE8024E0088F217</key>
		<dict>
			<key>fileEncoding</key>
			<string>4</string>
			<key>isa</key>
			<string>PBXFileReference</string>
			<key>lastKnownFileType</key>
			<string>text.plist.xml</string>
			<key>path</key>
			<string>GoogleService-InfoORIGINAL.plist</string>
			<key>sourceTree</key>
			<string>&lt;group&gt;</string>
		</dict>
		<key>C803A1191CE8024E0088F217</key>
		<dict>
			<key>fileRef</key>
			<string>C803A1181CE8024E0088F217</string>
			<key>isa</key>
			<string>PBXBuildFile</string>
		</dict>
		<key>C803A11F1CE9B3A30088F217</key>
		<dict>
			<key>fileEncoding</key>
			<string>4</string>
			<key>isa</key>
			<string>PBXFileReference</string>
			<key>lastKnownFileType</key>
			<string>sourcecode.swift</string>
			<key>path</key>
			<string>SideNavVC.swift</string>
			<key>sourceTree</key>
			<string>&lt;group&gt;</string>
		</dict>
		<key>C803A1201CE9B3A30088F217</key>
		<dict>
			<key>fileRef</key>
			<string>C803A11F1CE9B3A30088F217</string>
			<key>isa</key>
			<string>PBXBuildFile</string>
		</dict>
		<key>C807FE2EEBDAFBA9B77973A0</key>
		<dict>
			<key>buildActionMask</key>
			<string>2147483647</string>
			<key>files</key>
			<array/>
			<key>inputPaths</key>
			<array/>
			<key>isa</key>
			<string>PBXShellScriptBuildPhase</string>
			<key>name</key>
			<string>Embed Pods Frameworks</string>
			<key>outputPaths</key>
			<array/>
			<key>runOnlyForDeploymentPostprocessing</key>
			<string>0</string>
			<key>shellPath</key>
			<string>/bin/sh</string>
			<key>shellScript</key>
			<string>"${SRCROOT}/Pods/Target Support Files/Pods-justonejess-social/Pods-justonejess-social-frameworks.sh"
</string>
			<key>showEnvVarsInLog</key>
			<string>0</string>
		</dict>
		<key>C83056981CDA84A5001D68D3</key>
		<dict>
			<key>fileEncoding</key>
			<string>4</string>
			<key>isa</key>
			<string>PBXFileReference</string>
			<key>lastKnownFileType</key>
			<string>sourcecode.swift</string>
			<key>path</key>
			<string>JOJMainToolbar.swift</string>
			<key>sourceTree</key>
			<string>&lt;group&gt;</string>
		</dict>
		<key>C83056991CDA84A5001D68D3</key>
		<dict>
			<key>fileRef</key>
			<string>C83056981CDA84A5001D68D3</string>
			<key>isa</key>
			<string>PBXBuildFile</string>
		</dict>
		<key>C830569C1CDA96B6001D68D3</key>
		<dict>
			<key>fileEncoding</key>
			<string>4</string>
			<key>isa</key>
			<string>PBXFileReference</string>
			<key>lastKnownFileType</key>
			<string>sourcecode.swift</string>
			<key>path</key>
			<string>JOJFabBtn.swift</string>
			<key>sourceTree</key>
			<string>&lt;group&gt;</string>
		</dict>
		<key>C830569D1CDA96B6001D68D3</key>
		<dict>
			<key>fileRef</key>
			<string>C830569C1CDA96B6001D68D3</string>
			<key>isa</key>
			<string>PBXBuildFile</string>
		</dict>
		<key>C830569E1CDA9DB0001D68D3</key>
		<dict>
			<key>fileEncoding</key>
			<string>4</string>
			<key>isa</key>
			<string>PBXFileReference</string>
			<key>lastKnownFileType</key>
			<string>sourcecode.swift</string>
			<key>path</key>
			<string>JOJSearchBar.swift</string>
			<key>sourceTree</key>
			<string>&lt;group&gt;</string>
		</dict>
		<key>C830569F1CDA9DB0001D68D3</key>
		<dict>
			<key>fileRef</key>
			<string>C830569E1CDA9DB0001D68D3</string>
			<key>isa</key>
			<string>PBXBuildFile</string>
		</dict>
		<key>C83056A01CDBDD66001D68D3</key>
		<dict>
			<key>fileEncoding</key>
			<string>4</string>
			<key>isa</key>
			<string>PBXFileReference</string>
			<key>lastKnownFileType</key>
			<string>sourcecode.swift</string>
			<key>path</key>
			<string>SearchVC.swift</string>
			<key>sourceTree</key>
			<string>&lt;group&gt;</string>
		</dict>
		<key>C83056A11CDBDD66001D68D3</key>
		<dict>
			<key>fileRef</key>
			<string>C83056A01CDBDD66001D68D3</string>
			<key>isa</key>
			<string>PBXBuildFile</string>
		</dict>
		<key>C83056A21CDBE495001D68D3</key>
		<dict>
			<key>fileEncoding</key>
			<string>4</string>
			<key>isa</key>
			<string>PBXFileReference</string>
			<key>lastKnownFileType</key>
			<string>sourcecode.swift</string>
			<key>path</key>
			<string>JOJPostCard.swift</string>
			<key>sourceTree</key>
			<string>&lt;group&gt;</string>
		</dict>
		<key>C83056A31CDBE495001D68D3</key>
		<dict>
			<key>fileRef</key>
			<string>C83056A21CDBE495001D68D3</string>
			<key>isa</key>
			<string>PBXBuildFile</string>
		</dict>
		<key>C8571E0E1CED11AD00AA017B</key>
		<dict>
			<key>fileEncoding</key>
			<string>4</string>
			<key>isa</key>
			<string>PBXFileReference</string>
			<key>lastKnownFileType</key>
			<string>text.plist.xml</string>
			<key>path</key>
			<string>GoogleService-InfoJOJ.plist</string>
			<key>sourceTree</key>
			<string>&lt;group&gt;</string>
		</dict>
		<key>C8571E0F1CED11AD00AA017B</key>
		<dict>
			<key>fileRef</key>
			<string>C8571E0E1CED11AD00AA017B</string>
			<key>isa</key>
			<string>PBXBuildFile</string>
		</dict>
		<key>C8571E101CED167C00AA017B</key>
		<dict>
			<key>fileEncoding</key>
			<string>4</string>
			<key>isa</key>
			<string>PBXFileReference</string>
			<key>lastKnownFileType</key>
			<string>sourcecode.swift</string>
			<key>path</key>
			<string>TwitterAuth.swift</string>
			<key>sourceTree</key>
			<string>&lt;group&gt;</string>
		</dict>
		<key>C8571E111CED167C00AA017B</key>
		<dict>
			<key>fileRef</key>
			<string>C8571E101CED167C00AA017B</string>
			<key>isa</key>
			<string>PBXBuildFile</string>
		</dict>
		<key>C8571E121CEE614300AA017B</key>
		<dict>
			<key>isa</key>
			<string>PBXFileReference</string>
			<key>lastKnownFileType</key>
			<string>sourcecode.c.h</string>
			<key>path</key>
			<string>justonejess-social-Bridging-Header.h</string>
			<key>sourceTree</key>
			<string>&lt;group&gt;</string>
		</dict>
		<key>C8571E131CEE614400AA017B</key>
		<dict>
			<key>fileEncoding</key>
			<string>4</string>
			<key>isa</key>
			<string>PBXFileReference</string>
			<key>lastKnownFileType</key>
			<string>sourcecode.c.h</string>
			<key>path</key>
			<string>TwitterAuthHelper.h</string>
			<key>sourceTree</key>
			<string>&lt;group&gt;</string>
		</dict>
		<key>C8571E141CEE614400AA017B</key>
		<dict>
			<key>fileEncoding</key>
			<string>4</string>
			<key>isa</key>
			<string>PBXFileReference</string>
			<key>lastKnownFileType</key>
			<string>sourcecode.c.objc</string>
			<key>path</key>
			<string>TwitterAuthHelper.m</string>
			<key>sourceTree</key>
			<string>&lt;group&gt;</string>
		</dict>
		<key>C8571E151CEE614400AA017B</key>
		<dict>
			<key>fileRef</key>
			<string>C8571E141CEE614400AA017B</string>
			<key>isa</key>
			<string>PBXBuildFile</string>
		</dict>
		<key>C8571E161CEF9FAE00AA017B</key>
		<dict>
			<key>fileEncoding</key>
			<string>4</string>
			<key>isa</key>
			<string>PBXFileReference</string>
			<key>lastKnownFileType</key>
			<string>sourcecode.swift</string>
			<key>path</key>
			<string>GoogleAuth.swift</string>
			<key>sourceTree</key>
			<string>&lt;group&gt;</string>
		</dict>
		<key>C8571E171CEF9FAE00AA017B</key>
		<dict>
			<key>fileRef</key>
			<string>C8571E161CEF9FAE00AA017B</string>
			<key>isa</key>
			<string>PBXBuildFile</string>
		</dict>
		<key>C8571E3C1CF0802100AA017B</key>
		<dict>
			<key>fileEncoding</key>
			<string>4</string>
			<key>isa</key>
			<string>PBXFileReference</string>
			<key>lastKnownFileType</key>
			<string>text.plist.xml</string>
			<key>path</key>
			<string>GoogleService-Info.plist</string>
			<key>sourceTree</key>
			<string>&lt;group&gt;</string>
		</dict>
		<key>C8571E3D1CF0802100AA017B</key>
		<dict>
			<key>fileRef</key>
			<string>C8571E3C1CF0802100AA017B</string>
			<key>isa</key>
			<string>PBXBuildFile</string>
		</dict>
		<key>C8571E3E1CF096E700AA017B</key>
		<dict>
			<key>fileEncoding</key>
			<string>4</string>
			<key>isa</key>
			<string>PBXFileReference</string>
			<key>lastKnownFileType</key>
			<string>sourcecode.swift</string>
			<key>path</key>
			<string>FirebaseAuth.swift</string>
			<key>sourceTree</key>
			<string>&lt;group&gt;</string>
		</dict>
		<key>C8571E3F1CF096E700AA017B</key>
		<dict>
			<key>fileRef</key>
			<string>C8571E3E1CF096E700AA017B</string>
			<key>isa</key>
			<string>PBXBuildFile</string>
		</dict>
		<key>C8747D701CEC3DB00046968B</key>
		<dict>
			<key>fileEncoding</key>
			<string>4</string>
			<key>isa</key>
			<string>PBXFileReference</string>
			<key>lastKnownFileType</key>
			<string>sourcecode.swift</string>
			<key>path</key>
			<string>FacebookAuth.swift</string>
			<key>sourceTree</key>
			<string>&lt;group&gt;</string>
		</dict>
		<key>C8747D711CEC3DB10046968B</key>
		<dict>
			<key>fileRef</key>
			<string>C8747D701CEC3DB00046968B</string>
			<key>isa</key>
			<string>PBXBuildFile</string>
		</dict>
		<key>C87B9B691CE3D76D002E80E2</key>
		<dict>
			<key>fileEncoding</key>
			<string>4</string>
			<key>isa</key>
			<string>PBXFileReference</string>
			<key>lastKnownFileType</key>
			<string>sourcecode.swift</string>
			<key>path</key>
			<string>NewPostVC.swift</string>
			<key>sourceTree</key>
			<string>&lt;group&gt;</string>
		</dict>
		<key>C87B9B6A1CE3D76D002E80E2</key>
		<dict>
			<key>fileRef</key>
			<string>C87B9B691CE3D76D002E80E2</string>
			<key>isa</key>
			<string>PBXBuildFile</string>
		</dict>
		<key>C87B9B6B1CE3E47C002E80E2</key>
		<dict>
			<key>fileEncoding</key>
			<string>4</string>
			<key>isa</key>
			<string>PBXFileReference</string>
			<key>lastKnownFileType</key>
			<string>sourcecode.swift</string>
			<key>path</key>
			<string>JOJNewPostToolbar.swift</string>
			<key>sourceTree</key>
			<string>&lt;group&gt;</string>
		</dict>
		<key>C87B9B6C1CE3E47C002E80E2</key>
		<dict>
			<key>fileRef</key>
			<string>C87B9B6B1CE3E47C002E80E2</string>
			<key>isa</key>
			<string>PBXBuildFile</string>
		</dict>
		<key>C87B9B6D1CE3E770002E80E2</key>
		<dict>
			<key>fileEncoding</key>
			<string>4</string>
			<key>isa</key>
			<string>PBXFileReference</string>
			<key>lastKnownFileType</key>
			<string>sourcecode.swift</string>
			<key>path</key>
			<string>JOJMaterialView.swift</string>
			<key>sourceTree</key>
			<string>&lt;group&gt;</string>
		</dict>
		<key>C87B9B6E1CE3E770002E80E2</key>
		<dict>
			<key>fileRef</key>
			<string>C87B9B6D1CE3E770002E80E2</string>
			<key>isa</key>
			<string>PBXBuildFile</string>
		</dict>
		<key>C87B9B7B1CE50A58002E80E2</key>
		<dict>
			<key>fileEncoding</key>
			<string>4</string>
			<key>isa</key>
			<string>PBXFileReference</string>
			<key>lastKnownFileType</key>
			<string>sourcecode.swift</string>
			<key>path</key>
			<string>JOJSignInBtn.swift</string>
			<key>sourceTree</key>
			<string>&lt;group&gt;</string>
		</dict>
		<key>C87B9B7C1CE50A58002E80E2</key>
		<dict>
			<key>fileRef</key>
			<string>C87B9B7B1CE50A58002E80E2</string>
			<key>isa</key>
			<string>PBXBuildFile</string>
		</dict>
		<key>C87B9B7D1CE51109002E80E2</key>
		<dict>
			<key>fileEncoding</key>
			<string>4</string>
			<key>isa</key>
			<string>PBXFileReference</string>
			<key>lastKnownFileType</key>
			<string>sourcecode.swift</string>
			<key>path</key>
			<string>JOJMaterialTextField.swift</string>
			<key>sourceTree</key>
			<string>&lt;group&gt;</string>
		</dict>
		<key>C87B9B7E1CE51109002E80E2</key>
		<dict>
			<key>fileRef</key>
			<string>C87B9B7D1CE51109002E80E2</string>
			<key>isa</key>
			<string>PBXBuildFile</string>
		</dict>
		<key>C87B9B821CE521FB002E80E2</key>
		<dict>
			<key>fileEncoding</key>
			<string>4</string>
			<key>isa</key>
			<string>PBXFileReference</string>
			<key>lastKnownFileType</key>
			<string>sourcecode.swift</string>
			<key>path</key>
			<string>JOJFabCamera.swift</string>
			<key>sourceTree</key>
			<string>&lt;group&gt;</string>
		</dict>
		<key>C87B9B831CE521FB002E80E2</key>
		<dict>
			<key>fileRef</key>
			<string>C87B9B821CE521FB002E80E2</string>
			<key>isa</key>
			<string>PBXBuildFile</string>
		</dict>
		<key>C87B9B841CE52312002E80E2</key>
		<dict>
			<key>fileEncoding</key>
			<string>4</string>
			<key>isa</key>
			<string>PBXFileReference</string>
			<key>lastKnownFileType</key>
			<string>sourcecode.swift</string>
			<key>path</key>
			<string>JOJFabAdd.swift</string>
			<key>sourceTree</key>
			<string>&lt;group&gt;</string>
		</dict>
		<key>C87B9B851CE52312002E80E2</key>
		<dict>
			<key>fileRef</key>
			<string>C87B9B841CE52312002E80E2</string>
			<key>isa</key>
			<string>PBXBuildFile</string>
		</dict>
		<key>C8C00AFB1CD0E92600B4FD41</key>
		<dict>
			<key>children</key>
			<array>
				<string>C8571E131CEE614400AA017B</string>
				<string>C8571E141CEE614400AA017B</string>
				<string>C8C00AFC1CD0E93900B4FD41</string>
				<string>C8747D701CEC3DB00046968B</string>
				<string>C8571E101CED167C00AA017B</string>
				<string>C8571E121CEE614300AA017B</string>
				<string>C8571E161CEF9FAE00AA017B</string>
				<string>C8571E3E1CF096E700AA017B</string>
			</array>
			<key>isa</key>
			<string>PBXGroup</string>
			<key>name</key>
			<string>Services</string>
			<key>sourceTree</key>
			<string>&lt;group&gt;</string>
		</dict>
		<key>C8C00AFC1CD0E93900B4FD41</key>
		<dict>
			<key>fileEncoding</key>
			<string>4</string>
			<key>isa</key>
			<string>PBXFileReference</string>
			<key>lastKnownFileType</key>
			<string>sourcecode.swift</string>
			<key>path</key>
			<string>DataService.swift</string>
			<key>sourceTree</key>
			<string>&lt;group&gt;</string>
		</dict>
		<key>C8C00AFD1CD0E93900B4FD41</key>
		<dict>
			<key>fileRef</key>
			<string>C8C00AFC1CD0E93900B4FD41</string>
			<key>isa</key>
			<string>PBXBuildFile</string>
		</dict>
		<key>C8C00AFE1CD0FBC800B4FD41</key>
		<dict>
			<key>fileEncoding</key>
			<string>4</string>
			<key>isa</key>
			<string>PBXFileReference</string>
			<key>lastKnownFileType</key>
			<string>sourcecode.swift</string>
			<key>path</key>
			<string>FeedVC.swift</string>
			<key>sourceTree</key>
			<string>&lt;group&gt;</string>
		</dict>
		<key>C8C00AFF1CD0FBC800B4FD41</key>
		<dict>
			<key>fileRef</key>
			<string>C8C00AFE1CD0FBC800B4FD41</string>
			<key>isa</key>
			<string>PBXBuildFile</string>
		</dict>
		<key>C8C00B001CD0FC5E00B4FD41</key>
		<dict>
			<key>fileEncoding</key>
			<string>4</string>
			<key>isa</key>
			<string>PBXFileReference</string>
			<key>lastKnownFileType</key>
			<string>sourcecode.swift</string>
			<key>path</key>
			<string>PostCell.swift</string>
			<key>sourceTree</key>
			<string>&lt;group&gt;</string>
		</dict>
		<key>C8C00B011CD0FC5E00B4FD41</key>
		<dict>
			<key>fileRef</key>
			<string>C8C00B001CD0FC5E00B4FD41</string>
			<key>isa</key>
			<string>PBXBuildFile</string>
		</dict>
		<key>C8C20F561CCE3BA9009369AD</key>
		<dict>
			<key>children</key>
			<array>
				<string>C8C20F611CCE3BAA009369AD</string>
				<string>C8C20F601CCE3BAA009369AD</string>
				<string>3EB27DBEB1B8FE7AEEDF203D</string>
				<string>F261E7BFE93FE6183B698908</string>
			</array>
			<key>isa</key>
			<string>PBXGroup</string>
			<key>sourceTree</key>
			<string>&lt;group&gt;</string>
		</dict>
		<key>C8C20F571CCE3BA9009369AD</key>
		<dict>
			<key>attributes</key>
			<dict>
				<key>LastSwiftUpdateCheck</key>
				<string>0730</string>
				<key>LastUpgradeCheck</key>
				<string>0730</string>
				<key>ORGANIZATIONNAME</key>
				<string>JustOneJess</string>
				<key>TargetAttributes</key>
				<dict>
					<key>C8C20F5E1CCE3BAA009369AD</key>
					<dict>
						<key>CreatedOnToolsVersion</key>
						<string>7.3</string>
					</dict>
				</dict>
			</dict>
			<key>buildConfigurationList</key>
			<string>C8C20F5A1CCE3BAA009369AD</string>
			<key>compatibilityVersion</key>
			<string>Xcode 3.2</string>
			<key>developmentRegion</key>
			<string>English</string>
			<key>hasScannedForEncodings</key>
			<string>0</string>
			<key>isa</key>
			<string>PBXProject</string>
			<key>knownRegions</key>
			<array>
				<string>en</string>
				<string>Base</string>
			</array>
			<key>mainGroup</key>
			<string>C8C20F561CCE3BA9009369AD</string>
			<key>productRefGroup</key>
			<string>C8C20F601CCE3BAA009369AD</string>
			<key>projectDirPath</key>
			<string></string>
			<key>projectReferences</key>
			<array/>
			<key>projectRoot</key>
			<string></string>
			<key>targets</key>
			<array>
				<string>C8C20F5E1CCE3BAA009369AD</string>
			</array>
		</dict>
		<key>C8C20F5A1CCE3BAA009369AD</key>
		<dict>
			<key>buildConfigurations</key>
			<array>
				<string>C8C20F6F1CCE3BAA009369AD</string>
				<string>C8C20F701CCE3BAA009369AD</string>
			</array>
			<key>defaultConfigurationIsVisible</key>
			<string>0</string>
			<key>defaultConfigurationName</key>
			<string>Release</string>
			<key>isa</key>
			<string>XCConfigurationList</string>
		</dict>
		<key>C8C20F5B1CCE3BAA009369AD</key>
		<dict>
			<key>buildActionMask</key>
			<string>2147483647</string>
			<key>files</key>
			<array>
				<string>C83056A11CDBDD66001D68D3</string>
				<string>C83056991CDA84A5001D68D3</string>
				<string>C8571E3F1CF096E700AA017B</string>
				<string>C8571E171CEF9FAE00AA017B</string>
				<string>C87B9B7E1CE51109002E80E2</string>
				<string>C8747D711CEC3DB10046968B</string>
				<string>C8FF41FF1CD11343006D6402</string>
				<string>C87B9B831CE521FB002E80E2</string>
				<string>C8C00AFD1CD0E93900B4FD41</string>
				<string>C830569F1CDA9DB0001D68D3</string>
				<string>C8C20F651CCE3BAA009369AD</string>
				<string>C87B9B7C1CE50A58002E80E2</string>
				<string>C87B9B6A1CE3D76D002E80E2</string>
				<string>C8571E151CEE614400AA017B</string>
				<string>C8C00AFF1CD0FBC800B4FD41</string>
				<string>C8571E111CED167C00AA017B</string>
				<string>C8C00B011CD0FC5E00B4FD41</string>
				<string>C87B9B6C1CE3E47C002E80E2</string>
				<string>C830569D1CDA96B6001D68D3</string>
				<string>C83056A31CDBE495001D68D3</string>
				<string>C803A1201CE9B3A30088F217</string>
				<string>C87B9B6E1CE3E770002E80E2</string>
				<string>C8C20F631CCE3BAA009369AD</string>
				<string>C8C20F841CCE4232009369AD</string>
				<string>C87B9B851CE52312002E80E2</string>
			</array>
			<key>isa</key>
			<string>PBXSourcesBuildPhase</string>
			<key>runOnlyForDeploymentPostprocessing</key>
			<string>0</string>
		</dict>
		<key>C8C20F5C1CCE3BAA009369AD</key>
		<dict>
			<key>buildActionMask</key>
			<string>2147483647</string>
			<key>files</key>
			<array>
				<string>C8C20F8F1CCE5070009369AD</string>
				<string>C8C20F8E1CCE5070009369AD</string>
				<string>C8C20F8D1CCE5070009369AD</string>
				<string>28F25387FC63803D7FB628B8</string>
			</array>
			<key>isa</key>
			<string>PBXFrameworksBuildPhase</string>
			<key>runOnlyForDeploymentPostprocessing</key>
			<string>0</string>
		</dict>
		<key>C8C20F5D1CCE3BAA009369AD</key>
		<dict>
			<key>buildActionMask</key>
			<string>2147483647</string>
			<key>files</key>
			<array>
				<string>C8571E3D1CF0802100AA017B</string>
				<string>C8C20F7C1CCE3C10009369AD</string>
				<string>C803A1191CE8024E0088F217</string>
				<string>C8571E0F1CED11AD00AA017B</string>
				<string>C8C20F6D1CCE3BAA009369AD</string>
				<string>C8C20F7D1CCE3C10009369AD</string>
				<string>C8C20F7E1CCE3C10009369AD</string>
				<string>C8C20F6A1CCE3BAA009369AD</string>
				<string>C8C20F681CCE3BAA009369AD</string>
				<string>C8C20F7F1CCE3C10009369AD</string>
			</array>
			<key>isa</key>
			<string>PBXResourcesBuildPhase</string>
			<key>runOnlyForDeploymentPostprocessing</key>
			<string>0</string>
		</dict>
		<key>C8C20F5E1CCE3BAA009369AD</key>
		<dict>
			<key>buildConfigurationList</key>
			<string>C8C20F711CCE3BAA009369AD</string>
			<key>buildPhases</key>
			<array>
				<string>BC02F1C526079AC990CB8451</string>
				<string>C8C20F5B1CCE3BAA009369AD</string>
				<string>C8C20F5C1CCE3BAA009369AD</string>
				<string>C8C20F5D1CCE3BAA009369AD</string>
				<string>C807FE2EEBDAFBA9B77973A0</string>
				<string>6BF2C45DE6BF74CC1723B477</string>
			</array>
			<key>buildRules</key>
			<array/>
			<key>dependencies</key>
			<array/>
			<key>isa</key>
			<string>PBXNativeTarget</string>
			<key>name</key>
			<string>justonejess-social</string>
			<key>productName</key>
			<string>justonejess-social</string>
			<key>productReference</key>
			<string>C8C20F5F1CCE3BAA009369AD</string>
			<key>productType</key>
			<string>com.apple.product-type.application</string>
		</dict>
		<key>C8C20F5F1CCE3BAA009369AD</key>
		<dict>
			<key>explicitFileType</key>
			<string>wrapper.application</string>
			<key>includeInIndex</key>
			<string>0</string>
			<key>isa</key>
			<string>PBXFileReference</string>
			<key>path</key>
			<string>justonejess-social.app</string>
			<key>sourceTree</key>
			<string>BUILT_PRODUCTS_DIR</string>
		</dict>
		<key>C8C20F601CCE3BAA009369AD</key>
		<dict>
			<key>children</key>
			<array>
				<string>C8C20F5F1CCE3BAA009369AD</string>
			</array>
			<key>isa</key>
			<string>PBXGroup</string>
			<key>name</key>
			<string>Products</string>
			<key>sourceTree</key>
			<string>&lt;group&gt;</string>
		</dict>
		<key>C8C20F611CCE3BAA009369AD</key>
		<dict>
			<key>children</key>
			<array>
				<string>C8C00AFB1CD0E92600B4FD41</string>
				<string>C8C20F891CCE505B009369AD</string>
				<string>C8C20F821CCE4224009369AD</string>
				<string>C8C20F771CCE3BD9009369AD</string>
				<string>C8C20F761CCE3BD4009369AD</string>
				<string>C8C20F751CCE3BCC009369AD</string>
				<string>C8C20F741CCE3BC3009369AD</string>
				<string>C8C20F621CCE3BAA009369AD</string>
				<string>C8C20F661CCE3BAA009369AD</string>
				<string>C8C20F691CCE3BAA009369AD</string>
				<string>C8C20F6B1CCE3BAA009369AD</string>
				<string>C8571E3C1CF0802100AA017B</string>
				<string>C8571E0E1CED11AD00AA017B</string>
				<string>C803A1181CE8024E0088F217</string>
				<string>C8C20F6E1CCE3BAA009369AD</string>
			</array>
			<key>isa</key>
			<string>PBXGroup</string>
			<key>path</key>
			<string>justonejess-social</string>
			<key>sourceTree</key>
			<string>&lt;group&gt;</string>
		</dict>
		<key>C8C20F621CCE3BAA009369AD</key>
		<dict>
			<key>isa</key>
			<string>PBXFileReference</string>
			<key>lastKnownFileType</key>
			<string>sourcecode.swift</string>
			<key>path</key>
			<string>AppDelegate.swift</string>
			<key>sourceTree</key>
			<string>&lt;group&gt;</string>
		</dict>
		<key>C8C20F631CCE3BAA009369AD</key>
		<dict>
			<key>fileRef</key>
			<string>C8C20F621CCE3BAA009369AD</string>
			<key>isa</key>
			<string>PBXBuildFile</string>
		</dict>
		<key>C8C20F641CCE3BAA009369AD</key>
		<dict>
			<key>isa</key>
			<string>PBXFileReference</string>
			<key>lastKnownFileType</key>
			<string>sourcecode.swift</string>
			<key>path</key>
			<string>AuthVC.swift</string>
			<key>sourceTree</key>
			<string>&lt;group&gt;</string>
		</dict>
		<key>C8C20F651CCE3BAA009369AD</key>
		<dict>
			<key>fileRef</key>
			<string>C8C20F641CCE3BAA009369AD</string>
			<key>isa</key>
			<string>PBXBuildFile</string>
		</dict>
		<key>C8C20F661CCE3BAA009369AD</key>
		<dict>
			<key>children</key>
			<array>
				<string>C8C20F671CCE3BAA009369AD</string>
			</array>
			<key>isa</key>
			<string>PBXVariantGroup</string>
			<key>name</key>
			<string>Main.storyboard</string>
			<key>sourceTree</key>
			<string>&lt;group&gt;</string>
		</dict>
		<key>C8C20F671CCE3BAA009369AD</key>
		<dict>
			<key>isa</key>
			<string>PBXFileReference</string>
			<key>lastKnownFileType</key>
			<string>file.storyboard</string>
			<key>name</key>
			<string>Base</string>
			<key>path</key>
			<string>Base.lproj/Main.storyboard</string>
			<key>sourceTree</key>
			<string>&lt;group&gt;</string>
		</dict>
		<key>C8C20F681CCE3BAA009369AD</key>
		<dict>
			<key>fileRef</key>
			<string>C8C20F661CCE3BAA009369AD</string>
			<key>isa</key>
			<string>PBXBuildFile</string>
		</dict>
		<key>C8C20F691CCE3BAA009369AD</key>
		<dict>
			<key>isa</key>
			<string>PBXFileReference</string>
			<key>lastKnownFileType</key>
			<string>folder.assetcatalog</string>
			<key>path</key>
			<string>Assets.xcassets</string>
			<key>sourceTree</key>
			<string>&lt;group&gt;</string>
		</dict>
		<key>C8C20F6A1CCE3BAA009369AD</key>
		<dict>
			<key>fileRef</key>
			<string>C8C20F691CCE3BAA009369AD</string>
			<key>isa</key>
			<string>PBXBuildFile</string>
		</dict>
		<key>C8C20F6B1CCE3BAA009369AD</key>
		<dict>
			<key>children</key>
			<array>
				<string>C8C20F6C1CCE3BAA009369AD</string>
			</array>
			<key>isa</key>
			<string>PBXVariantGroup</string>
			<key>name</key>
			<string>LaunchScreen.storyboard</string>
			<key>sourceTree</key>
			<string>&lt;group&gt;</string>
		</dict>
		<key>C8C20F6C1CCE3BAA009369AD</key>
		<dict>
			<key>isa</key>
			<string>PBXFileReference</string>
			<key>lastKnownFileType</key>
			<string>file.storyboard</string>
			<key>name</key>
			<string>Base</string>
			<key>path</key>
			<string>Base.lproj/LaunchScreen.storyboard</string>
			<key>sourceTree</key>
			<string>&lt;group&gt;</string>
		</dict>
		<key>C8C20F6D1CCE3BAA009369AD</key>
		<dict>
			<key>fileRef</key>
			<string>C8C20F6B1CCE3BAA009369AD</string>
			<key>isa</key>
			<string>PBXBuildFile</string>
		</dict>
		<key>C8C20F6E1CCE3BAA009369AD</key>
		<dict>
			<key>isa</key>
			<string>PBXFileReference</string>
			<key>lastKnownFileType</key>
			<string>text.plist.xml</string>
			<key>path</key>
			<string>Info.plist</string>
			<key>sourceTree</key>
			<string>&lt;group&gt;</string>
		</dict>
		<key>C8C20F6F1CCE3BAA009369AD</key>
		<dict>
			<key>buildSettings</key>
			<dict>
				<key>ALWAYS_SEARCH_USER_PATHS</key>
				<string>NO</string>
				<key>CLANG_ANALYZER_NONNULL</key>
				<string>YES</string>
				<key>CLANG_CXX_LANGUAGE_STANDARD</key>
				<string>gnu++0x</string>
				<key>CLANG_CXX_LIBRARY</key>
				<string>libc++</string>
				<key>CLANG_ENABLE_MODULES</key>
				<string>YES</string>
				<key>CLANG_ENABLE_OBJC_ARC</key>
				<string>YES</string>
				<key>CLANG_WARN_BOOL_CONVERSION</key>
				<string>YES</string>
				<key>CLANG_WARN_CONSTANT_CONVERSION</key>
				<string>YES</string>
				<key>CLANG_WARN_DIRECT_OBJC_ISA_USAGE</key>
				<string>YES_ERROR</string>
				<key>CLANG_WARN_EMPTY_BODY</key>
				<string>YES</string>
				<key>CLANG_WARN_ENUM_CONVERSION</key>
				<string>YES</string>
				<key>CLANG_WARN_INT_CONVERSION</key>
				<string>YES</string>
				<key>CLANG_WARN_OBJC_ROOT_CLASS</key>
				<string>YES_ERROR</string>
				<key>CLANG_WARN_UNREACHABLE_CODE</key>
				<string>YES</string>
				<key>CLANG_WARN__DUPLICATE_METHOD_MATCH</key>
				<string>YES</string>
				<key>CODE_SIGN_IDENTITY[sdk=iphoneos*]</key>
				<string>iPhone Developer</string>
				<key>COPY_PHASE_STRIP</key>
				<string>NO</string>
				<key>DEBUG_INFORMATION_FORMAT</key>
				<string>dwarf</string>
				<key>ENABLE_STRICT_OBJC_MSGSEND</key>
				<string>YES</string>
				<key>ENABLE_TESTABILITY</key>
				<string>YES</string>
				<key>GCC_C_LANGUAGE_STANDARD</key>
				<string>gnu99</string>
				<key>GCC_DYNAMIC_NO_PIC</key>
				<string>NO</string>
				<key>GCC_NO_COMMON_BLOCKS</key>
				<string>YES</string>
				<key>GCC_OPTIMIZATION_LEVEL</key>
				<string>0</string>
				<key>GCC_PREPROCESSOR_DEFINITIONS</key>
				<array>
					<string>DEBUG=1</string>
					<string>$(inherited)</string>
				</array>
				<key>GCC_WARN_64_TO_32_BIT_CONVERSION</key>
				<string>YES</string>
				<key>GCC_WARN_ABOUT_RETURN_TYPE</key>
				<string>YES_ERROR</string>
				<key>GCC_WARN_UNDECLARED_SELECTOR</key>
				<string>YES</string>
				<key>GCC_WARN_UNINITIALIZED_AUTOS</key>
				<string>YES_AGGRESSIVE</string>
				<key>GCC_WARN_UNUSED_FUNCTION</key>
				<string>YES</string>
				<key>GCC_WARN_UNUSED_VARIABLE</key>
				<string>YES</string>
				<key>IPHONEOS_DEPLOYMENT_TARGET</key>
				<string>9.3</string>
				<key>MTL_ENABLE_DEBUG_INFO</key>
				<string>YES</string>
				<key>ONLY_ACTIVE_ARCH</key>
				<string>YES</string>
				<key>SDKROOT</key>
				<string>iphoneos</string>
				<key>SWIFT_OPTIMIZATION_LEVEL</key>
				<string>-Onone</string>
				<key>TARGETED_DEVICE_FAMILY</key>
				<string>1,2</string>
			</dict>
			<key>isa</key>
			<string>XCBuildConfiguration</string>
			<key>name</key>
			<string>Debug</string>
		</dict>
		<key>C8C20F701CCE3BAA009369AD</key>
		<dict>
			<key>buildSettings</key>
			<dict>
				<key>ALWAYS_SEARCH_USER_PATHS</key>
				<string>NO</string>
				<key>CLANG_ANALYZER_NONNULL</key>
				<string>YES</string>
				<key>CLANG_CXX_LANGUAGE_STANDARD</key>
				<string>gnu++0x</string>
				<key>CLANG_CXX_LIBRARY</key>
				<string>libc++</string>
				<key>CLANG_ENABLE_MODULES</key>
				<string>YES</string>
				<key>CLANG_ENABLE_OBJC_ARC</key>
				<string>YES</string>
				<key>CLANG_WARN_BOOL_CONVERSION</key>
				<string>YES</string>
				<key>CLANG_WARN_CONSTANT_CONVERSION</key>
				<string>YES</string>
				<key>CLANG_WARN_DIRECT_OBJC_ISA_USAGE</key>
				<string>YES_ERROR</string>
				<key>CLANG_WARN_EMPTY_BODY</key>
				<string>YES</string>
				<key>CLANG_WARN_ENUM_CONVERSION</key>
				<string>YES</string>
				<key>CLANG_WARN_INT_CONVERSION</key>
				<string>YES</string>
				<key>CLANG_WARN_OBJC_ROOT_CLASS</key>
				<string>YES_ERROR</string>
				<key>CLANG_WARN_UNREACHABLE_CODE</key>
				<string>YES</string>
				<key>CLANG_WARN__DUPLICATE_METHOD_MATCH</key>
				<string>YES</string>
				<key>CODE_SIGN_IDENTITY[sdk=iphoneos*]</key>
				<string>iPhone Developer</string>
				<key>COPY_PHASE_STRIP</key>
				<string>NO</string>
				<key>DEBUG_INFORMATION_FORMAT</key>
				<string>dwarf-with-dsym</string>
				<key>ENABLE_NS_ASSERTIONS</key>
				<string>NO</string>
				<key>ENABLE_STRICT_OBJC_MSGSEND</key>
				<string>YES</string>
				<key>GCC_C_LANGUAGE_STANDARD</key>
				<string>gnu99</string>
				<key>GCC_NO_COMMON_BLOCKS</key>
				<string>YES</string>
				<key>GCC_WARN_64_TO_32_BIT_CONVERSION</key>
				<string>YES</string>
				<key>GCC_WARN_ABOUT_RETURN_TYPE</key>
				<string>YES_ERROR</string>
				<key>GCC_WARN_UNDECLARED_SELECTOR</key>
				<string>YES</string>
				<key>GCC_WARN_UNINITIALIZED_AUTOS</key>
				<string>YES_AGGRESSIVE</string>
				<key>GCC_WARN_UNUSED_FUNCTION</key>
				<string>YES</string>
				<key>GCC_WARN_UNUSED_VARIABLE</key>
				<string>YES</string>
				<key>IPHONEOS_DEPLOYMENT_TARGET</key>
				<string>9.3</string>
				<key>MTL_ENABLE_DEBUG_INFO</key>
				<string>NO</string>
				<key>SDKROOT</key>
				<string>iphoneos</string>
				<key>TARGETED_DEVICE_FAMILY</key>
				<string>1,2</string>
				<key>VALIDATE_PRODUCT</key>
				<string>YES</string>
			</dict>
			<key>isa</key>
			<string>XCBuildConfiguration</string>
			<key>name</key>
			<string>Release</string>
		</dict>
		<key>C8C20F711CCE3BAA009369AD</key>
		<dict>
			<key>buildConfigurations</key>
			<array>
				<string>C8C20F721CCE3BAA009369AD</string>
				<string>C8C20F731CCE3BAA009369AD</string>
			</array>
			<key>defaultConfigurationIsVisible</key>
			<string>0</string>
			<key>defaultConfigurationName</key>
			<string>Release</string>
			<key>isa</key>
			<string>XCConfigurationList</string>
		</dict>
		<key>C8C20F721CCE3BAA009369AD</key>
		<dict>
			<key>baseConfigurationReference</key>
			<string>0701101AAF9615919271529A</string>
			<key>buildSettings</key>
			<dict>
				<key>ASSETCATALOG_COMPILER_APPICON_NAME</key>
				<string>AppIcon</string>
				<key>CLANG_ENABLE_MODULES</key>
				<string>YES</string>
				<key>ENABLE_BITCODE</key>
				<string>YES</string>
				<key>FRAMEWORK_SEARCH_PATHS</key>
				<array>
					<string>$(inherited)</string>
					<string>$(PROJECT_DIR)/justonejess-social</string>
				</array>
				<key>INFOPLIST_FILE</key>
				<string>justonejess-social/Info.plist</string>
				<key>LD_RUNPATH_SEARCH_PATHS</key>
				<string>$(inherited) @executable_path/Frameworks</string>
				<key>PRODUCT_BUNDLE_IDENTIFIER</key>
				<string>com.justonejess.justonejess-social</string>
				<key>PRODUCT_NAME</key>
				<string>$(TARGET_NAME)</string>
				<key>SWIFT_OBJC_BRIDGING_HEADER</key>
				<string>justonejess-social/justonejess-social-Bridging-Header.h</string>
				<key>SWIFT_OPTIMIZATION_LEVEL</key>
				<string>-Onone</string>
			</dict>
			<key>isa</key>
			<string>XCBuildConfiguration</string>
			<key>name</key>
			<string>Debug</string>
		</dict>
		<key>C8C20F731CCE3BAA009369AD</key>
		<dict>
			<key>baseConfigurationReference</key>
			<string>BD39677DECFB7A348BE2C699</string>
			<key>buildSettings</key>
			<dict>
				<key>ASSETCATALOG_COMPILER_APPICON_NAME</key>
				<string>AppIcon</string>
				<key>CLANG_ENABLE_MODULES</key>
				<string>YES</string>
				<key>ENABLE_BITCODE</key>
				<string>YES</string>
				<key>FRAMEWORK_SEARCH_PATHS</key>
				<array>
					<string>$(inherited)</string>
					<string>$(PROJECT_DIR)/justonejess-social</string>
				</array>
				<key>INFOPLIST_FILE</key>
				<string>justonejess-social/Info.plist</string>
				<key>LD_RUNPATH_SEARCH_PATHS</key>
				<string>$(inherited) @executable_path/Frameworks</string>
				<key>PRODUCT_BUNDLE_IDENTIFIER</key>
				<string>com.justonejess.justonejess-social</string>
				<key>PRODUCT_NAME</key>
				<string>$(TARGET_NAME)</string>
				<key>SWIFT_OBJC_BRIDGING_HEADER</key>
				<string>justonejess-social/justonejess-social-Bridging-Header.h</string>
			</dict>
			<key>isa</key>
			<string>XCBuildConfiguration</string>
			<key>name</key>
			<string>Release</string>
		</dict>
		<key>C8C20F741CCE3BC3009369AD</key>
		<dict>
			<key>children</key>
			<array>
				<string>C8C20F641CCE3BAA009369AD</string>
				<string>C8C00AFE1CD0FBC800B4FD41</string>
				<string>C83056A01CDBDD66001D68D3</string>
				<string>C87B9B691CE3D76D002E80E2</string>
				<string>C803A11F1CE9B3A30088F217</string>
			</array>
			<key>isa</key>
			<string>PBXGroup</string>
			<key>name</key>
			<string>Controller</string>
			<key>sourceTree</key>
			<string>&lt;group&gt;</string>
		</dict>
		<key>C8C20F751CCE3BCC009369AD</key>
		<dict>
			<key>children</key>
			<array>
				<string>C8C00B001CD0FC5E00B4FD41</string>
				<string>C83056981CDA84A5001D68D3</string>
				<string>C830569C1CDA96B6001D68D3</string>
				<string>C830569E1CDA9DB0001D68D3</string>
				<string>C83056A21CDBE495001D68D3</string>
				<string>C87B9B6B1CE3E47C002E80E2</string>
				<string>C87B9B6D1CE3E770002E80E2</string>
				<string>C87B9B7B1CE50A58002E80E2</string>
				<string>C87B9B7D1CE51109002E80E2</string>
				<string>C87B9B821CE521FB002E80E2</string>
				<string>C87B9B841CE52312002E80E2</string>
			</array>
			<key>isa</key>
			<string>PBXGroup</string>
			<key>name</key>
			<string>View</string>
			<key>sourceTree</key>
			<string>&lt;group&gt;</string>
		</dict>
		<key>C8C20F761CCE3BD4009369AD</key>
		<dict>
			<key>children</key>
			<array>
				<string>C8FF41FE1CD11343006D6402</string>
			</array>
			<key>isa</key>
			<string>PBXGroup</string>
			<key>name</key>
			<string>Model</string>
			<key>sourceTree</key>
			<string>&lt;group&gt;</string>
		</dict>
		<key>C8C20F771CCE3BD9009369AD</key>
		<dict>
			<key>children</key>
			<array>
				<string>C8C20F781CCE3C10009369AD</string>
				<string>C8C20F791CCE3C10009369AD</string>
				<string>C8C20F7A1CCE3C10009369AD</string>
				<string>C8C20F7B1CCE3C10009369AD</string>
			</array>
			<key>isa</key>
			<string>PBXGroup</string>
			<key>name</key>
			<string>Resources</string>
			<key>sourceTree</key>
			<string>&lt;group&gt;</string>
		</dict>
		<key>C8C20F781CCE3C10009369AD</key>
		<dict>
			<key>isa</key>
			<string>PBXFileReference</string>
			<key>lastKnownFileType</key>
			<string>file</string>
			<key>path</key>
			<string>NotoSans-Bold.ttf</string>
			<key>sourceTree</key>
			<string>&lt;group&gt;</string>
		</dict>
		<key>C8C20F791CCE3C10009369AD</key>
		<dict>
			<key>isa</key>
			<string>PBXFileReference</string>
			<key>lastKnownFileType</key>
			<string>file</string>
			<key>path</key>
			<string>NotoSans-BoldItalic.ttf</string>
			<key>sourceTree</key>
			<string>&lt;group&gt;</string>
		</dict>
		<key>C8C20F7A1CCE3C10009369AD</key>
		<dict>
			<key>isa</key>
			<string>PBXFileReference</string>
			<key>lastKnownFileType</key>
			<string>file</string>
			<key>path</key>
			<string>NotoSans-Italic.ttf</string>
			<key>sourceTree</key>
			<string>&lt;group&gt;</string>
		</dict>
		<key>C8C20F7B1CCE3C10009369AD</key>
		<dict>
			<key>isa</key>
			<string>PBXFileReference</string>
			<key>lastKnownFileType</key>
			<string>file</string>
			<key>path</key>
			<string>NotoSans-Regular.ttf</string>
			<key>sourceTree</key>
			<string>&lt;group&gt;</string>
		</dict>
		<key>C8C20F7C1CCE3C10009369AD</key>
		<dict>
			<key>fileRef</key>
			<string>C8C20F781CCE3C10009369AD</string>
			<key>isa</key>
			<string>PBXBuildFile</string>
		</dict>
		<key>C8C20F7D1CCE3C10009369AD</key>
		<dict>
			<key>fileRef</key>
			<string>C8C20F791CCE3C10009369AD</string>
			<key>isa</key>
			<string>PBXBuildFile</string>
		</dict>
		<key>C8C20F7E1CCE3C10009369AD</key>
		<dict>
			<key>fileRef</key>
			<string>C8C20F7A1CCE3C10009369AD</string>
			<key>isa</key>
			<string>PBXBuildFile</string>
		</dict>
		<key>C8C20F7F1CCE3C10009369AD</key>
		<dict>
			<key>fileRef</key>
			<string>C8C20F7B1CCE3C10009369AD</string>
			<key>isa</key>
			<string>PBXBuildFile</string>
		</dict>
		<key>C8C20F821CCE4224009369AD</key>
		<dict>
			<key>children</key>
			<array>
				<string>C8C20F831CCE4232009369AD</string>
			</array>
			<key>isa</key>
			<string>PBXGroup</string>
			<key>name</key>
			<string>Util</string>
			<key>sourceTree</key>
			<string>&lt;group&gt;</string>
		</dict>
		<key>C8C20F831CCE4232009369AD</key>
		<dict>
			<key>fileEncoding</key>
			<string>4</string>
			<key>isa</key>
			<string>PBXFileReference</string>
			<key>lastKnownFileType</key>
			<string>sourcecode.swift</string>
			<key>path</key>
			<string>Constants.swift</string>
			<key>sourceTree</key>
			<string>&lt;group&gt;</string>
		</dict>
		<key>C8C20F841CCE4232009369AD</key>
		<dict>
			<key>fileRef</key>
			<string>C8C20F831CCE4232009369AD</string>
			<key>isa</key>
			<string>PBXBuildFile</string>
		</dict>
		<key>C8C20F891CCE505B009369AD</key>
		<dict>
			<key>children</key>
			<array>
				<string>C8C20F8A1CCE5070009369AD</string>
				<string>C8C20F8B1CCE5070009369AD</string>
				<string>C8C20F8C1CCE5070009369AD</string>
			</array>
			<key>isa</key>
			<string>PBXGroup</string>
			<key>name</key>
			<string>Frameworks</string>
			<key>sourceTree</key>
			<string>&lt;group&gt;</string>
		</dict>
		<key>C8C20F8A1CCE5070009369AD</key>
		<dict>
			<key>isa</key>
			<string>PBXFileReference</string>
			<key>lastKnownFileType</key>
			<string>wrapper.framework</string>
			<key>path</key>
			<string>FBSDKCoreKit.framework</string>
			<key>sourceTree</key>
			<string>&lt;group&gt;</string>
		</dict>
		<key>C8C20F8B1CCE5070009369AD</key>
		<dict>
			<key>isa</key>
			<string>PBXFileReference</string>
			<key>lastKnownFileType</key>
			<string>wrapper.framework</string>
			<key>path</key>
			<string>FBSDKLoginKit.framework</string>
			<key>sourceTree</key>
			<string>&lt;group&gt;</string>
		</dict>
		<key>C8C20F8C1CCE5070009369AD</key>
		<dict>
			<key>isa</key>
			<string>PBXFileReference</string>
			<key>lastKnownFileType</key>
			<string>wrapper.framework</string>
			<key>path</key>
			<string>Bolts.framework</string>
			<key>sourceTree</key>
			<string>&lt;group&gt;</string>
		</dict>
		<key>C8C20F8D1CCE5070009369AD</key>
		<dict>
			<key>fileRef</key>
			<string>C8C20F8A1CCE5070009369AD</string>
			<key>isa</key>
			<string>PBXBuildFile</string>
		</dict>
		<key>C8C20F8E1CCE5070009369AD</key>
		<dict>
			<key>fileRef</key>
			<string>C8C20F8B1CCE5070009369AD</string>
			<key>isa</key>
			<string>PBXBuildFile</string>
		</dict>
		<key>C8C20F8F1CCE5070009369AD</key>
		<dict>
			<key>fileRef</key>
			<string>C8C20F8C1CCE5070009369AD</string>
			<key>isa</key>
			<string>PBXBuildFile</string>
		</dict>
		<key>C8FF41FE1CD11343006D6402</key>
		<dict>
			<key>fileEncoding</key>
			<string>4</string>
			<key>isa</key>
			<string>PBXFileReference</string>
			<key>lastKnownFileType</key>
			<string>sourcecode.swift</string>
			<key>path</key>
			<string>Post.swift</string>
			<key>sourceTree</key>
			<string>&lt;group&gt;</string>
		</dict>
		<key>C8FF41FF1CD11343006D6402</key>
		<dict>
			<key>fileRef</key>
			<string>C8FF41FE1CD11343006D6402</string>
			<key>isa</key>
			<string>PBXBuildFile</string>
		</dict>
		<key>D1C170E7E9904A6D5ED6DD35</key>
		<dict>
			<key>explicitFileType</key>
			<string>wrapper.framework</string>
			<key>includeInIndex</key>
			<string>0</string>
			<key>isa</key>
			<string>PBXFileReference</string>
			<key>path</key>
			<string>Pods_justonejess_social.framework</string>
			<key>sourceTree</key>
			<string>BUILT_PRODUCTS_DIR</string>
		</dict>
		<key>F261E7BFE93FE6183B698908</key>
		<dict>
			<key>children</key>
			<array>
				<string>D1C170E7E9904A6D5ED6DD35</string>
			</array>
			<key>isa</key>
			<string>PBXGroup</string>
			<key>name</key>
			<string>Frameworks</string>
			<key>sourceTree</key>
			<string>&lt;group&gt;</string>
		</dict>
	</dict>
	<key>rootObject</key>
	<string>C8C20F571CCE3BA9009369AD</string>
</dict>
</plist>
