// !$*UTF8*$!
{
	archiveVersion = 1;
	classes = {
	};
	objectVersion = 46;
	objects = {

/* Begin PBXBuildFile section */
		28F25387FC63803D7FB628B8 /* Pods_justonejess_social.framework in Frameworks */ = {isa = PBXBuildFile; fileRef = D1C170E7E9904A6D5ED6DD35 /* Pods_justonejess_social.framework */; };
		C803A1191CE8024E0088F217 /* GoogleService-InfoORIGINAL.plist in Resources */ = {isa = PBXBuildFile; fileRef = C803A1181CE8024E0088F217 /* GoogleService-InfoORIGINAL.plist */; };
		C803A1201CE9B3A30088F217 /* SideNavVC.swift in Sources */ = {isa = PBXBuildFile; fileRef = C803A11F1CE9B3A30088F217 /* SideNavVC.swift */; };
		C83056991CDA84A5001D68D3 /* JOJMainToolbar.swift in Sources */ = {isa = PBXBuildFile; fileRef = C83056981CDA84A5001D68D3 /* JOJMainToolbar.swift */; };
		C830569D1CDA96B6001D68D3 /* JOJFabBtn.swift in Sources */ = {isa = PBXBuildFile; fileRef = C830569C1CDA96B6001D68D3 /* JOJFabBtn.swift */; };
		C830569F1CDA9DB0001D68D3 /* JOJSearchBar.swift in Sources */ = {isa = PBXBuildFile; fileRef = C830569E1CDA9DB0001D68D3 /* JOJSearchBar.swift */; };
		C83056A11CDBDD66001D68D3 /* SearchVC.swift in Sources */ = {isa = PBXBuildFile; fileRef = C83056A01CDBDD66001D68D3 /* SearchVC.swift */; };
		C83056A31CDBE495001D68D3 /* JOJPostCard.swift in Sources */ = {isa = PBXBuildFile; fileRef = C83056A21CDBE495001D68D3 /* JOJPostCard.swift */; };
		C8571E0F1CED11AD00AA017B /* GoogleService-InfoJOJ.plist in Resources */ = {isa = PBXBuildFile; fileRef = C8571E0E1CED11AD00AA017B /* GoogleService-InfoJOJ.plist */; };
		C8571E111CED167C00AA017B /* TwitterAuth.swift in Sources */ = {isa = PBXBuildFile; fileRef = C8571E101CED167C00AA017B /* TwitterAuth.swift */; };
		C8571E171CEF9FAE00AA017B /* GoogleAuth.swift in Sources */ = {isa = PBXBuildFile; fileRef = C8571E161CEF9FAE00AA017B /* GoogleAuth.swift */; };
		C8571E3D1CF0802100AA017B /* GoogleService-Info.plist in Resources */ = {isa = PBXBuildFile; fileRef = C8571E3C1CF0802100AA017B /* GoogleService-Info.plist */; };
		C8571E3F1CF096E700AA017B /* FirebaseAuth.swift in Sources */ = {isa = PBXBuildFile; fileRef = C8571E3E1CF096E700AA017B /* FirebaseAuth.swift */; };
		C8747D711CEC3DB10046968B /* FacebookAuth.swift in Sources */ = {isa = PBXBuildFile; fileRef = C8747D701CEC3DB00046968B /* FacebookAuth.swift */; };
		C87B9B6A1CE3D76D002E80E2 /* NewPostVC.swift in Sources */ = {isa = PBXBuildFile; fileRef = C87B9B691CE3D76D002E80E2 /* NewPostVC.swift */; };
		C87B9B6C1CE3E47C002E80E2 /* JOJNewPostToolbar.swift in Sources */ = {isa = PBXBuildFile; fileRef = C87B9B6B1CE3E47C002E80E2 /* JOJNewPostToolbar.swift */; };
		C87B9B6E1CE3E770002E80E2 /* JOJMaterialView.swift in Sources */ = {isa = PBXBuildFile; fileRef = C87B9B6D1CE3E770002E80E2 /* JOJMaterialView.swift */; };
		C87B9B7C1CE50A58002E80E2 /* JOJSignInBtn.swift in Sources */ = {isa = PBXBuildFile; fileRef = C87B9B7B1CE50A58002E80E2 /* JOJSignInBtn.swift */; };
		C87B9B7E1CE51109002E80E2 /* JOJMaterialTextField.swift in Sources */ = {isa = PBXBuildFile; fileRef = C87B9B7D1CE51109002E80E2 /* JOJMaterialTextField.swift */; };
		C87B9B831CE521FB002E80E2 /* JOJFabCamera.swift in Sources */ = {isa = PBXBuildFile; fileRef = C87B9B821CE521FB002E80E2 /* JOJFabCamera.swift */; };
		C87B9B851CE52312002E80E2 /* JOJFabAdd.swift in Sources */ = {isa = PBXBuildFile; fileRef = C87B9B841CE52312002E80E2 /* JOJFabAdd.swift */; };
		C8C00AFD1CD0E93900B4FD41 /* DataService.swift in Sources */ = {isa = PBXBuildFile; fileRef = C8C00AFC1CD0E93900B4FD41 /* DataService.swift */; };
		C8C00AFF1CD0FBC800B4FD41 /* FeedVC.swift in Sources */ = {isa = PBXBuildFile; fileRef = C8C00AFE1CD0FBC800B4FD41 /* FeedVC.swift */; };
		C8C00B011CD0FC5E00B4FD41 /* PostCell.swift in Sources */ = {isa = PBXBuildFile; fileRef = C8C00B001CD0FC5E00B4FD41 /* PostCell.swift */; };
		C8C20F631CCE3BAA009369AD /* AppDelegate.swift in Sources */ = {isa = PBXBuildFile; fileRef = C8C20F621CCE3BAA009369AD /* AppDelegate.swift */; };
		C8C20F651CCE3BAA009369AD /* AuthVC.swift in Sources */ = {isa = PBXBuildFile; fileRef = C8C20F641CCE3BAA009369AD /* AuthVC.swift */; };
		C8C20F681CCE3BAA009369AD /* Main.storyboard in Resources */ = {isa = PBXBuildFile; fileRef = C8C20F661CCE3BAA009369AD /* Main.storyboard */; };
		C8C20F6A1CCE3BAA009369AD /* Assets.xcassets in Resources */ = {isa = PBXBuildFile; fileRef = C8C20F691CCE3BAA009369AD /* Assets.xcassets */; };
		C8C20F6D1CCE3BAA009369AD /* LaunchScreen.storyboard in Resources */ = {isa = PBXBuildFile; fileRef = C8C20F6B1CCE3BAA009369AD /* LaunchScreen.storyboard */; };
		C8C20F7C1CCE3C10009369AD /* NotoSans-Bold.ttf in Resources */ = {isa = PBXBuildFile; fileRef = C8C20F781CCE3C10009369AD /* NotoSans-Bold.ttf */; };
		C8C20F7D1CCE3C10009369AD /* NotoSans-BoldItalic.ttf in Resources */ = {isa = PBXBuildFile; fileRef = C8C20F791CCE3C10009369AD /* NotoSans-BoldItalic.ttf */; };
		C8C20F7E1CCE3C10009369AD /* NotoSans-Italic.ttf in Resources */ = {isa = PBXBuildFile; fileRef = C8C20F7A1CCE3C10009369AD /* NotoSans-Italic.ttf */; };
		C8C20F7F1CCE3C10009369AD /* NotoSans-Regular.ttf in Resources */ = {isa = PBXBuildFile; fileRef = C8C20F7B1CCE3C10009369AD /* NotoSans-Regular.ttf */; };
		C8C20F841CCE4232009369AD /* Constants.swift in Sources */ = {isa = PBXBuildFile; fileRef = C8C20F831CCE4232009369AD /* Constants.swift */; };
		C8C20F8D1CCE5070009369AD /* FBSDKCoreKit.framework in Frameworks */ = {isa = PBXBuildFile; fileRef = C8C20F8A1CCE5070009369AD /* FBSDKCoreKit.framework */; };
		C8C20F8E1CCE5070009369AD /* FBSDKLoginKit.framework in Frameworks */ = {isa = PBXBuildFile; fileRef = C8C20F8B1CCE5070009369AD /* FBSDKLoginKit.framework */; };
		C8C20F8F1CCE5070009369AD /* Bolts.framework in Frameworks */ = {isa = PBXBuildFile; fileRef = C8C20F8C1CCE5070009369AD /* Bolts.framework */; };
		C8FF41FF1CD11343006D6402 /* Post.swift in Sources */ = {isa = PBXBuildFile; fileRef = C8FF41FE1CD11343006D6402 /* Post.swift */; };
/* End PBXBuildFile section */

/* Begin PBXFileReference section */
		0701101AAF9615919271529A /* Pods-justonejess-social.debug.xcconfig */ = {isa = PBXFileReference; includeInIndex = 1; lastKnownFileType = text.xcconfig; name = "Pods-justonejess-social.debug.xcconfig"; path = "Pods/Target Support Files/Pods-justonejess-social/Pods-justonejess-social.debug.xcconfig"; sourceTree = "<group>"; };
		BD39677DECFB7A348BE2C699 /* Pods-justonejess-social.release.xcconfig */ = {isa = PBXFileReference; includeInIndex = 1; lastKnownFileType = text.xcconfig; name = "Pods-justonejess-social.release.xcconfig"; path = "Pods/Target Support Files/Pods-justonejess-social/Pods-justonejess-social.release.xcconfig"; sourceTree = "<group>"; };
		C803A1181CE8024E0088F217 /* GoogleService-InfoORIGINAL.plist */ = {isa = PBXFileReference; fileEncoding = 4; lastKnownFileType = text.plist.xml; path = "GoogleService-InfoORIGINAL.plist"; sourceTree = "<group>"; };
		C803A11F1CE9B3A30088F217 /* SideNavVC.swift */ = {isa = PBXFileReference; fileEncoding = 4; lastKnownFileType = sourcecode.swift; path = SideNavVC.swift; sourceTree = "<group>"; };
		C83056981CDA84A5001D68D3 /* JOJMainToolbar.swift */ = {isa = PBXFileReference; fileEncoding = 4; lastKnownFileType = sourcecode.swift; path = JOJMainToolbar.swift; sourceTree = "<group>"; };
		C830569C1CDA96B6001D68D3 /* JOJFabBtn.swift */ = {isa = PBXFileReference; fileEncoding = 4; lastKnownFileType = sourcecode.swift; path = JOJFabBtn.swift; sourceTree = "<group>"; };
		C830569E1CDA9DB0001D68D3 /* JOJSearchBar.swift */ = {isa = PBXFileReference; fileEncoding = 4; lastKnownFileType = sourcecode.swift; path = JOJSearchBar.swift; sourceTree = "<group>"; };
		C83056A01CDBDD66001D68D3 /* SearchVC.swift */ = {isa = PBXFileReference; fileEncoding = 4; lastKnownFileType = sourcecode.swift; path = SearchVC.swift; sourceTree = "<group>"; };
		C83056A21CDBE495001D68D3 /* JOJPostCard.swift */ = {isa = PBXFileReference; fileEncoding = 4; lastKnownFileType = sourcecode.swift; path = JOJPostCard.swift; sourceTree = "<group>"; };
		C8571E0E1CED11AD00AA017B /* GoogleService-InfoJOJ.plist */ = {isa = PBXFileReference; fileEncoding = 4; lastKnownFileType = text.plist.xml; path = "GoogleService-InfoJOJ.plist"; sourceTree = "<group>"; };
		C8571E101CED167C00AA017B /* TwitterAuth.swift */ = {isa = PBXFileReference; fileEncoding = 4; lastKnownFileType = sourcecode.swift; path = TwitterAuth.swift; sourceTree = "<group>"; };
		C8571E161CEF9FAE00AA017B /* GoogleAuth.swift */ = {isa = PBXFileReference; fileEncoding = 4; lastKnownFileType = sourcecode.swift; path = GoogleAuth.swift; sourceTree = "<group>"; };
		C8571E3C1CF0802100AA017B /* GoogleService-Info.plist */ = {isa = PBXFileReference; fileEncoding = 4; lastKnownFileType = text.plist.xml; path = "GoogleService-Info.plist"; sourceTree = "<group>"; };
		C8571E3E1CF096E700AA017B /* FirebaseAuth.swift */ = {isa = PBXFileReference; fileEncoding = 4; lastKnownFileType = sourcecode.swift; path = FirebaseAuth.swift; sourceTree = "<group>"; };
		C8747D701CEC3DB00046968B /* FacebookAuth.swift */ = {isa = PBXFileReference; fileEncoding = 4; lastKnownFileType = sourcecode.swift; path = FacebookAuth.swift; sourceTree = "<group>"; };
		C87B9B691CE3D76D002E80E2 /* NewPostVC.swift */ = {isa = PBXFileReference; fileEncoding = 4; lastKnownFileType = sourcecode.swift; path = NewPostVC.swift; sourceTree = "<group>"; };
		C87B9B6B1CE3E47C002E80E2 /* JOJNewPostToolbar.swift */ = {isa = PBXFileReference; fileEncoding = 4; lastKnownFileType = sourcecode.swift; path = JOJNewPostToolbar.swift; sourceTree = "<group>"; };
		C87B9B6D1CE3E770002E80E2 /* JOJMaterialView.swift */ = {isa = PBXFileReference; fileEncoding = 4; lastKnownFileType = sourcecode.swift; path = JOJMaterialView.swift; sourceTree = "<group>"; };
		C87B9B7B1CE50A58002E80E2 /* JOJSignInBtn.swift */ = {isa = PBXFileReference; fileEncoding = 4; lastKnownFileType = sourcecode.swift; path = JOJSignInBtn.swift; sourceTree = "<group>"; };
		C87B9B7D1CE51109002E80E2 /* JOJMaterialTextField.swift */ = {isa = PBXFileReference; fileEncoding = 4; lastKnownFileType = sourcecode.swift; path = JOJMaterialTextField.swift; sourceTree = "<group>"; };
		C87B9B821CE521FB002E80E2 /* JOJFabCamera.swift */ = {isa = PBXFileReference; fileEncoding = 4; lastKnownFileType = sourcecode.swift; path = JOJFabCamera.swift; sourceTree = "<group>"; };
		C87B9B841CE52312002E80E2 /* JOJFabAdd.swift */ = {isa = PBXFileReference; fileEncoding = 4; lastKnownFileType = sourcecode.swift; path = JOJFabAdd.swift; sourceTree = "<group>"; };
		C8C00AFC1CD0E93900B4FD41 /* DataService.swift */ = {isa = PBXFileReference; fileEncoding = 4; lastKnownFileType = sourcecode.swift; path = DataService.swift; sourceTree = "<group>"; };
		C8C00AFE1CD0FBC800B4FD41 /* FeedVC.swift */ = {isa = PBXFileReference; fileEncoding = 4; lastKnownFileType = sourcecode.swift; path = FeedVC.swift; sourceTree = "<group>"; };
		C8C00B001CD0FC5E00B4FD41 /* PostCell.swift */ = {isa = PBXFileReference; fileEncoding = 4; lastKnownFileType = sourcecode.swift; path = PostCell.swift; sourceTree = "<group>"; };
		C8C20F5F1CCE3BAA009369AD /* justonejess-social.app */ = {isa = PBXFileReference; explicitFileType = wrapper.application; includeInIndex = 0; path = "justonejess-social.app"; sourceTree = BUILT_PRODUCTS_DIR; };
		C8C20F621CCE3BAA009369AD /* AppDelegate.swift */ = {isa = PBXFileReference; lastKnownFileType = sourcecode.swift; path = AppDelegate.swift; sourceTree = "<group>"; };
		C8C20F641CCE3BAA009369AD /* AuthVC.swift */ = {isa = PBXFileReference; lastKnownFileType = sourcecode.swift; path = AuthVC.swift; sourceTree = "<group>"; };
		C8C20F671CCE3BAA009369AD /* Base */ = {isa = PBXFileReference; lastKnownFileType = file.storyboard; name = Base; path = Base.lproj/Main.storyboard; sourceTree = "<group>"; };
		C8C20F691CCE3BAA009369AD /* Assets.xcassets */ = {isa = PBXFileReference; lastKnownFileType = folder.assetcatalog; path = Assets.xcassets; sourceTree = "<group>"; };
		C8C20F6C1CCE3BAA009369AD /* Base */ = {isa = PBXFileReference; lastKnownFileType = file.storyboard; name = Base; path = Base.lproj/LaunchScreen.storyboard; sourceTree = "<group>"; };
		C8C20F6E1CCE3BAA009369AD /* Info.plist */ = {isa = PBXFileReference; lastKnownFileType = text.plist.xml; path = Info.plist; sourceTree = "<group>"; };
		C8C20F781CCE3C10009369AD /* NotoSans-Bold.ttf */ = {isa = PBXFileReference; lastKnownFileType = file; path = "NotoSans-Bold.ttf"; sourceTree = "<group>"; };
		C8C20F791CCE3C10009369AD /* NotoSans-BoldItalic.ttf */ = {isa = PBXFileReference; lastKnownFileType = file; path = "NotoSans-BoldItalic.ttf"; sourceTree = "<group>"; };
		C8C20F7A1CCE3C10009369AD /* NotoSans-Italic.ttf */ = {isa = PBXFileReference; lastKnownFileType = file; path = "NotoSans-Italic.ttf"; sourceTree = "<group>"; };
		C8C20F7B1CCE3C10009369AD /* NotoSans-Regular.ttf */ = {isa = PBXFileReference; lastKnownFileType = file; path = "NotoSans-Regular.ttf"; sourceTree = "<group>"; };
		C8C20F831CCE4232009369AD /* Constants.swift */ = {isa = PBXFileReference; fileEncoding = 4; lastKnownFileType = sourcecode.swift; path = Constants.swift; sourceTree = "<group>"; };
		C8C20F8A1CCE5070009369AD /* FBSDKCoreKit.framework */ = {isa = PBXFileReference; lastKnownFileType = wrapper.framework; path = FBSDKCoreKit.framework; sourceTree = "<group>"; };
		C8C20F8B1CCE5070009369AD /* FBSDKLoginKit.framework */ = {isa = PBXFileReference; lastKnownFileType = wrapper.framework; path = FBSDKLoginKit.framework; sourceTree = "<group>"; };
		C8C20F8C1CCE5070009369AD /* Bolts.framework */ = {isa = PBXFileReference; lastKnownFileType = wrapper.framework; path = Bolts.framework; sourceTree = "<group>"; };
		C8FF41FE1CD11343006D6402 /* Post.swift */ = {isa = PBXFileReference; fileEncoding = 4; lastKnownFileType = sourcecode.swift; path = Post.swift; sourceTree = "<group>"; };
		D1C170E7E9904A6D5ED6DD35 /* Pods_justonejess_social.framework */ = {isa = PBXFileReference; explicitFileType = wrapper.framework; includeInIndex = 0; path = Pods_justonejess_social.framework; sourceTree = BUILT_PRODUCTS_DIR; };
/* End PBXFileReference section */

/* Begin PBXFrameworksBuildPhase section */
		C8C20F5C1CCE3BAA009369AD /* Frameworks */ = {
			isa = PBXFrameworksBuildPhase;
			buildActionMask = 2147483647;
			files = (
				C8C20F8F1CCE5070009369AD /* Bolts.framework in Frameworks */,
				C8C20F8E1CCE5070009369AD /* FBSDKLoginKit.framework in Frameworks */,
				C8C20F8D1CCE5070009369AD /* FBSDKCoreKit.framework in Frameworks */,
				28F25387FC63803D7FB628B8 /* Pods_justonejess_social.framework in Frameworks */,
			);
			runOnlyForDeploymentPostprocessing = 0;
		};
/* End PBXFrameworksBuildPhase section */

/* Begin PBXGroup section */
		3EB27DBEB1B8FE7AEEDF203D /* Pods */ = {
			isa = PBXGroup;
			children = (
				0701101AAF9615919271529A /* Pods-justonejess-social.debug.xcconfig */,
				BD39677DECFB7A348BE2C699 /* Pods-justonejess-social.release.xcconfig */,
			);
			name = Pods;
			sourceTree = "<group>";
		};
		C8C00AFB1CD0E92600B4FD41 /* Services */ = {
			isa = PBXGroup;
			children = (
				C8C00AFC1CD0E93900B4FD41 /* DataService.swift */,
				C8747D701CEC3DB00046968B /* FacebookAuth.swift */,
				C8571E101CED167C00AA017B /* TwitterAuth.swift */,
				C8571E161CEF9FAE00AA017B /* GoogleAuth.swift */,
				C8571E3E1CF096E700AA017B /* FirebaseAuth.swift */,
			);
			name = Services;
			sourceTree = "<group>";
		};
		C8C20F561CCE3BA9009369AD = {
			isa = PBXGroup;
			children = (
				C8C20F611CCE3BAA009369AD /* justonejess-social */,
				C8C20F601CCE3BAA009369AD /* Products */,
				3EB27DBEB1B8FE7AEEDF203D /* Pods */,
				F261E7BFE93FE6183B698908 /* Frameworks */,
			);
			sourceTree = "<group>";
		};
		C8C20F601CCE3BAA009369AD /* Products */ = {
			isa = PBXGroup;
			children = (
				C8C20F5F1CCE3BAA009369AD /* justonejess-social.app */,
			);
			name = Products;
			sourceTree = "<group>";
		};
		C8C20F611CCE3BAA009369AD /* justonejess-social */ = {
			isa = PBXGroup;
			children = (
				C8C00AFB1CD0E92600B4FD41 /* Services */,
				C8C20F891CCE505B009369AD /* Frameworks */,
				C8C20F821CCE4224009369AD /* Util */,
				C8C20F771CCE3BD9009369AD /* Resources */,
				C8C20F761CCE3BD4009369AD /* Model */,
				C8C20F751CCE3BCC009369AD /* View */,
				C8C20F741CCE3BC3009369AD /* Controller */,
				C8C20F621CCE3BAA009369AD /* AppDelegate.swift */,
				C8C20F661CCE3BAA009369AD /* Main.storyboard */,
				C8C20F691CCE3BAA009369AD /* Assets.xcassets */,
				C8C20F6B1CCE3BAA009369AD /* LaunchScreen.storyboard */,
				C8571E3C1CF0802100AA017B /* GoogleService-Info.plist */,
				C8571E0E1CED11AD00AA017B /* GoogleService-InfoJOJ.plist */,
				C803A1181CE8024E0088F217 /* GoogleService-InfoORIGINAL.plist */,
				C8C20F6E1CCE3BAA009369AD /* Info.plist */,
			);
			path = "justonejess-social";
			sourceTree = "<group>";
		};
		C8C20F741CCE3BC3009369AD /* Controller */ = {
			isa = PBXGroup;
			children = (
				C8C20F641CCE3BAA009369AD /* AuthVC.swift */,
				C8C00AFE1CD0FBC800B4FD41 /* FeedVC.swift */,
				C83056A01CDBDD66001D68D3 /* SearchVC.swift */,
				C87B9B691CE3D76D002E80E2 /* NewPostVC.swift */,
				C803A11F1CE9B3A30088F217 /* SideNavVC.swift */,
			);
			name = Controller;
			sourceTree = "<group>";
		};
		C8C20F751CCE3BCC009369AD /* View */ = {
			isa = PBXGroup;
			children = (
				C8C00B001CD0FC5E00B4FD41 /* PostCell.swift */,
				C83056981CDA84A5001D68D3 /* JOJMainToolbar.swift */,
				C830569C1CDA96B6001D68D3 /* JOJFabBtn.swift */,
				C830569E1CDA9DB0001D68D3 /* JOJSearchBar.swift */,
				C83056A21CDBE495001D68D3 /* JOJPostCard.swift */,
				C87B9B6B1CE3E47C002E80E2 /* JOJNewPostToolbar.swift */,
				C87B9B6D1CE3E770002E80E2 /* JOJMaterialView.swift */,
				C87B9B7B1CE50A58002E80E2 /* JOJSignInBtn.swift */,
				C87B9B7D1CE51109002E80E2 /* JOJMaterialTextField.swift */,
				C87B9B821CE521FB002E80E2 /* JOJFabCamera.swift */,
				C87B9B841CE52312002E80E2 /* JOJFabAdd.swift */,
			);
			name = View;
			sourceTree = "<group>";
		};
		C8C20F761CCE3BD4009369AD /* Model */ = {
			isa = PBXGroup;
			children = (
				C8FF41FE1CD11343006D6402 /* Post.swift */,
			);
			name = Model;
			sourceTree = "<group>";
		};
		C8C20F771CCE3BD9009369AD /* Resources */ = {
			isa = PBXGroup;
			children = (
				C8C20F781CCE3C10009369AD /* NotoSans-Bold.ttf */,
				C8C20F791CCE3C10009369AD /* NotoSans-BoldItalic.ttf */,
				C8C20F7A1CCE3C10009369AD /* NotoSans-Italic.ttf */,
				C8C20F7B1CCE3C10009369AD /* NotoSans-Regular.ttf */,
			);
			name = Resources;
			sourceTree = "<group>";
		};
		C8C20F821CCE4224009369AD /* Util */ = {
			isa = PBXGroup;
			children = (
				C8C20F831CCE4232009369AD /* Constants.swift */,
			);
			name = Util;
			sourceTree = "<group>";
		};
		C8C20F891CCE505B009369AD /* Frameworks */ = {
			isa = PBXGroup;
			children = (
				C8C20F8A1CCE5070009369AD /* FBSDKCoreKit.framework */,
				C8C20F8B1CCE5070009369AD /* FBSDKLoginKit.framework */,
				C8C20F8C1CCE5070009369AD /* Bolts.framework */,
			);
			name = Frameworks;
			sourceTree = "<group>";
		};
		F261E7BFE93FE6183B698908 /* Frameworks */ = {
			isa = PBXGroup;
			children = (
				D1C170E7E9904A6D5ED6DD35 /* Pods_justonejess_social.framework */,
			);
			name = Frameworks;
			sourceTree = "<group>";
		};
/* End PBXGroup section */

/* Begin PBXNativeTarget section */
		C8C20F5E1CCE3BAA009369AD /* justonejess-social */ = {
			isa = PBXNativeTarget;
			buildConfigurationList = C8C20F711CCE3BAA009369AD /* Build configuration list for PBXNativeTarget "justonejess-social" */;
			buildPhases = (
				BC02F1C526079AC990CB8451 /* Check Pods Manifest.lock */,
				C8C20F5B1CCE3BAA009369AD /* Sources */,
				C8C20F5C1CCE3BAA009369AD /* Frameworks */,
				C8C20F5D1CCE3BAA009369AD /* Resources */,
				C807FE2EEBDAFBA9B77973A0 /* Embed Pods Frameworks */,
				6BF2C45DE6BF74CC1723B477 /* Copy Pods Resources */,
				C8CF10221CF9052500842B34 /* ShellScript */,
			);
			buildRules = (
			);
			dependencies = (
			);
			name = "justonejess-social";
			productName = "justonejess-social";
			productReference = C8C20F5F1CCE3BAA009369AD /* justonejess-social.app */;
			productType = "com.apple.product-type.application";
		};
/* End PBXNativeTarget section */

/* Begin PBXProject section */
		C8C20F571CCE3BA9009369AD /* Project object */ = {
			isa = PBXProject;
			attributes = {
				LastSwiftUpdateCheck = 0730;
				LastUpgradeCheck = 0730;
				ORGANIZATIONNAME = JustOneJess;
				TargetAttributes = {
					C8C20F5E1CCE3BAA009369AD = {
						CreatedOnToolsVersion = 7.3;
					};
				};
			};
			buildConfigurationList = C8C20F5A1CCE3BAA009369AD /* Build configuration list for PBXProject "justonejess-social" */;
			compatibilityVersion = "Xcode 3.2";
			developmentRegion = English;
			hasScannedForEncodings = 0;
			knownRegions = (
				en,
				Base,
			);
			mainGroup = C8C20F561CCE3BA9009369AD;
			productRefGroup = C8C20F601CCE3BAA009369AD /* Products */;
			projectDirPath = "";
			projectRoot = "";
			targets = (
				C8C20F5E1CCE3BAA009369AD /* justonejess-social */,
			);
		};
/* End PBXProject section */

/* Begin PBXResourcesBuildPhase section */
		C8C20F5D1CCE3BAA009369AD /* Resources */ = {
			isa = PBXResourcesBuildPhase;
			buildActionMask = 2147483647;
			files = (
				C8571E3D1CF0802100AA017B /* GoogleService-Info.plist in Resources */,
				C8C20F7C1CCE3C10009369AD /* NotoSans-Bold.ttf in Resources */,
				C803A1191CE8024E0088F217 /* GoogleService-InfoORIGINAL.plist in Resources */,
				C8571E0F1CED11AD00AA017B /* GoogleService-InfoJOJ.plist in Resources */,
				C8C20F6D1CCE3BAA009369AD /* LaunchScreen.storyboard in Resources */,
				C8C20F7D1CCE3C10009369AD /* NotoSans-BoldItalic.ttf in Resources */,
				C8C20F7E1CCE3C10009369AD /* NotoSans-Italic.ttf in Resources */,
				C8C20F6A1CCE3BAA009369AD /* Assets.xcassets in Resources */,
				C8C20F681CCE3BAA009369AD /* Main.storyboard in Resources */,
				C8C20F7F1CCE3C10009369AD /* NotoSans-Regular.ttf in Resources */,
			);
			runOnlyForDeploymentPostprocessing = 0;
		};
/* End PBXResourcesBuildPhase section */

/* Begin PBXShellScriptBuildPhase section */
		6BF2C45DE6BF74CC1723B477 /* Copy Pods Resources */ = {
			isa = PBXShellScriptBuildPhase;
			buildActionMask = 2147483647;
			files = (
			);
			inputPaths = (
			);
			name = "Copy Pods Resources";
			outputPaths = (
			);
			runOnlyForDeploymentPostprocessing = 0;
			shellPath = /bin/sh;
			shellScript = "\"${SRCROOT}/Pods/Target Support Files/Pods-justonejess-social/Pods-justonejess-social-resources.sh\"\n";
			showEnvVarsInLog = 0;
		};
		BC02F1C526079AC990CB8451 /* Check Pods Manifest.lock */ = {
			isa = PBXShellScriptBuildPhase;
			buildActionMask = 2147483647;
			files = (
			);
			inputPaths = (
			);
			name = "Check Pods Manifest.lock";
			outputPaths = (
			);
			runOnlyForDeploymentPostprocessing = 0;
			shellPath = /bin/sh;
			shellScript = "diff \"${PODS_ROOT}/../Podfile.lock\" \"${PODS_ROOT}/Manifest.lock\" > /dev/null\nif [[ $? != 0 ]] ; then\n    cat << EOM\nerror: The sandbox is not in sync with the Podfile.lock. Run 'pod install' or update your CocoaPods installation.\nEOM\n    exit 1\nfi\n";
			showEnvVarsInLog = 0;
		};
		C807FE2EEBDAFBA9B77973A0 /* Embed Pods Frameworks */ = {
			isa = PBXShellScriptBuildPhase;
			buildActionMask = 2147483647;
			files = (
			);
			inputPaths = (
			);
			name = "Embed Pods Frameworks";
			outputPaths = (
			);
			runOnlyForDeploymentPostprocessing = 0;
			shellPath = /bin/sh;
			shellScript = "\"${SRCROOT}/Pods/Target Support Files/Pods-justonejess-social/Pods-justonejess-social-frameworks.sh\"\n";
			showEnvVarsInLog = 0;
		};
		C8CF10221CF9052500842B34 /* ShellScript */ = {
			isa = PBXShellScriptBuildPhase;
			buildActionMask = 2147483647;
			files = (
			);
			inputPaths = (
			);
			outputPaths = (
			);
			runOnlyForDeploymentPostprocessing = 0;
			shellPath = /bin/sh;
			shellScript = "\"${PODS_ROOT}/Fabric/run\" c9f6a79bf65a88c8f590ca15568df1428f0ef0c0 c664ef11306350688878489a9f848c966a0049aacef1bf84cd316635ccec5ec0";
		};
/* End PBXShellScriptBuildPhase section */

/* Begin PBXSourcesBuildPhase section */
		C8C20F5B1CCE3BAA009369AD /* Sources */ = {
			isa = PBXSourcesBuildPhase;
			buildActionMask = 2147483647;
			files = (
				C83056A11CDBDD66001D68D3 /* SearchVC.swift in Sources */,
				C83056991CDA84A5001D68D3 /* JOJMainToolbar.swift in Sources */,
				C8571E3F1CF096E700AA017B /* FirebaseAuth.swift in Sources */,
				C8571E171CEF9FAE00AA017B /* GoogleAuth.swift in Sources */,
				C87B9B7E1CE51109002E80E2 /* JOJMaterialTextField.swift in Sources */,
				C8747D711CEC3DB10046968B /* FacebookAuth.swift in Sources */,
				C8FF41FF1CD11343006D6402 /* Post.swift in Sources */,
				C87B9B831CE521FB002E80E2 /* JOJFabCamera.swift in Sources */,
				C8C00AFD1CD0E93900B4FD41 /* DataService.swift in Sources */,
				C830569F1CDA9DB0001D68D3 /* JOJSearchBar.swift in Sources */,
				C8C20F651CCE3BAA009369AD /* AuthVC.swift in Sources */,
				C87B9B7C1CE50A58002E80E2 /* JOJSignInBtn.swift in Sources */,
				C87B9B6A1CE3D76D002E80E2 /* NewPostVC.swift in Sources */,
				C8C00AFF1CD0FBC800B4FD41 /* FeedVC.swift in Sources */,
				C8571E111CED167C00AA017B /* TwitterAuth.swift in Sources */,
				C8C00B011CD0FC5E00B4FD41 /* PostCell.swift in Sources */,
				C87B9B6C1CE3E47C002E80E2 /* JOJNewPostToolbar.swift in Sources */,
				C830569D1CDA96B6001D68D3 /* JOJFabBtn.swift in Sources */,
				C83056A31CDBE495001D68D3 /* JOJPostCard.swift in Sources */,
				C803A1201CE9B3A30088F217 /* SideNavVC.swift in Sources */,
				C87B9B6E1CE3E770002E80E2 /* JOJMaterialView.swift in Sources */,
				C8C20F631CCE3BAA009369AD /* AppDelegate.swift in Sources */,
				C8C20F841CCE4232009369AD /* Constants.swift in Sources */,
				C87B9B851CE52312002E80E2 /* JOJFabAdd.swift in Sources */,
			);
			runOnlyForDeploymentPostprocessing = 0;
		};
/* End PBXSourcesBuildPhase section */

/* Begin PBXVariantGroup section */
		C8C20F661CCE3BAA009369AD /* Main.storyboard */ = {
			isa = PBXVariantGroup;
			children = (
				C8C20F671CCE3BAA009369AD /* Base */,
			);
			name = Main.storyboard;
			sourceTree = "<group>";
		};
		C8C20F6B1CCE3BAA009369AD /* LaunchScreen.storyboard */ = {
			isa = PBXVariantGroup;
			children = (
				C8C20F6C1CCE3BAA009369AD /* Base */,
			);
			name = LaunchScreen.storyboard;
			sourceTree = "<group>";
		};
/* End PBXVariantGroup section */

/* Begin XCBuildConfiguration section */
		C8C20F6F1CCE3BAA009369AD /* Debug */ = {
			isa = XCBuildConfiguration;
			buildSettings = {
				ALWAYS_SEARCH_USER_PATHS = NO;
				CLANG_ANALYZER_NONNULL = YES;
				CLANG_CXX_LANGUAGE_STANDARD = "gnu++0x";
				CLANG_CXX_LIBRARY = "libc++";
				CLANG_ENABLE_MODULES = YES;
				CLANG_ENABLE_OBJC_ARC = YES;
				CLANG_WARN_BOOL_CONVERSION = YES;
				CLANG_WARN_CONSTANT_CONVERSION = YES;
				CLANG_WARN_DIRECT_OBJC_ISA_USAGE = YES_ERROR;
				CLANG_WARN_EMPTY_BODY = YES;
				CLANG_WARN_ENUM_CONVERSION = YES;
				CLANG_WARN_INT_CONVERSION = YES;
				CLANG_WARN_OBJC_ROOT_CLASS = YES_ERROR;
				CLANG_WARN_UNREACHABLE_CODE = YES;
				CLANG_WARN__DUPLICATE_METHOD_MATCH = YES;
				"CODE_SIGN_IDENTITY[sdk=iphoneos*]" = "iPhone Developer";
				COPY_PHASE_STRIP = NO;
				DEBUG_INFORMATION_FORMAT = dwarf;
				ENABLE_STRICT_OBJC_MSGSEND = YES;
				ENABLE_TESTABILITY = YES;
				GCC_C_LANGUAGE_STANDARD = gnu99;
				GCC_DYNAMIC_NO_PIC = NO;
				GCC_NO_COMMON_BLOCKS = YES;
				GCC_OPTIMIZATION_LEVEL = 0;
				GCC_PREPROCESSOR_DEFINITIONS = (
					"DEBUG=1",
					"$(inherited)",
				);
				GCC_WARN_64_TO_32_BIT_CONVERSION = YES;
				GCC_WARN_ABOUT_RETURN_TYPE = YES_ERROR;
				GCC_WARN_UNDECLARED_SELECTOR = YES;
				GCC_WARN_UNINITIALIZED_AUTOS = YES_AGGRESSIVE;
				GCC_WARN_UNUSED_FUNCTION = YES;
				GCC_WARN_UNUSED_VARIABLE = YES;
				IPHONEOS_DEPLOYMENT_TARGET = 9.3;
				MTL_ENABLE_DEBUG_INFO = YES;
				ONLY_ACTIVE_ARCH = YES;
				SDKROOT = iphoneos;
				SWIFT_OPTIMIZATION_LEVEL = "-Onone";
				TARGETED_DEVICE_FAMILY = "1,2";
			};
			name = Debug;
		};
		C8C20F701CCE3BAA009369AD /* Release */ = {
			isa = XCBuildConfiguration;
			buildSettings = {
				ALWAYS_SEARCH_USER_PATHS = NO;
				CLANG_ANALYZER_NONNULL = YES;
				CLANG_CXX_LANGUAGE_STANDARD = "gnu++0x";
				CLANG_CXX_LIBRARY = "libc++";
				CLANG_ENABLE_MODULES = YES;
				CLANG_ENABLE_OBJC_ARC = YES;
				CLANG_WARN_BOOL_CONVERSION = YES;
				CLANG_WARN_CONSTANT_CONVERSION = YES;
				CLANG_WARN_DIRECT_OBJC_ISA_USAGE = YES_ERROR;
				CLANG_WARN_EMPTY_BODY = YES;
				CLANG_WARN_ENUM_CONVERSION = YES;
				CLANG_WARN_INT_CONVERSION = YES;
				CLANG_WARN_OBJC_ROOT_CLASS = YES_ERROR;
				CLANG_WARN_UNREACHABLE_CODE = YES;
				CLANG_WARN__DUPLICATE_METHOD_MATCH = YES;
				"CODE_SIGN_IDENTITY[sdk=iphoneos*]" = "iPhone Developer";
				COPY_PHASE_STRIP = NO;
				DEBUG_INFORMATION_FORMAT = "dwarf-with-dsym";
				ENABLE_NS_ASSERTIONS = NO;
				ENABLE_STRICT_OBJC_MSGSEND = YES;
				GCC_C_LANGUAGE_STANDARD = gnu99;
				GCC_NO_COMMON_BLOCKS = YES;
				GCC_WARN_64_TO_32_BIT_CONVERSION = YES;
				GCC_WARN_ABOUT_RETURN_TYPE = YES_ERROR;
				GCC_WARN_UNDECLARED_SELECTOR = YES;
				GCC_WARN_UNINITIALIZED_AUTOS = YES_AGGRESSIVE;
				GCC_WARN_UNUSED_FUNCTION = YES;
				GCC_WARN_UNUSED_VARIABLE = YES;
				IPHONEOS_DEPLOYMENT_TARGET = 9.3;
				MTL_ENABLE_DEBUG_INFO = NO;
				SDKROOT = iphoneos;
				TARGETED_DEVICE_FAMILY = "1,2";
				VALIDATE_PRODUCT = YES;
			};
			name = Release;
		};
		C8C20F721CCE3BAA009369AD /* Debug */ = {
			isa = XCBuildConfiguration;
			baseConfigurationReference = 0701101AAF9615919271529A /* Pods-justonejess-social.debug.xcconfig */;
			buildSettings = {
				ASSETCATALOG_COMPILER_APPICON_NAME = AppIcon;
				CLANG_ENABLE_MODULES = YES;
				DEBUG_INFORMATION_FORMAT = "dwarf-with-dsym";
				ENABLE_BITCODE = YES;
				FRAMEWORK_SEARCH_PATHS = (
					"$(inherited)",
					"$(PROJECT_DIR)/justonejess-social",
				);
				INFOPLIST_FILE = "justonejess-social/Info.plist";
				LD_RUNPATH_SEARCH_PATHS = "$(inherited) @executable_path/Frameworks";
				PRODUCT_BUNDLE_IDENTIFIER = "com.justonejess.justonejess-social";
				PRODUCT_NAME = "$(TARGET_NAME)";
				SWIFT_OBJC_BRIDGING_HEADER = "";
				SWIFT_OPTIMIZATION_LEVEL = "-Onone";
			};
			name = Debug;
		};
		C8C20F731CCE3BAA009369AD /* Release */ = {
			isa = XCBuildConfiguration;
			baseConfigurationReference = BD39677DECFB7A348BE2C699 /* Pods-justonejess-social.release.xcconfig */;
			buildSettings = {
				ASSETCATALOG_COMPILER_APPICON_NAME = AppIcon;
				CLANG_ENABLE_MODULES = YES;
				ENABLE_BITCODE = YES;
				FRAMEWORK_SEARCH_PATHS = (
					"$(inherited)",
					"$(PROJECT_DIR)/justonejess-social",
				);
				INFOPLIST_FILE = "justonejess-social/Info.plist";
				LD_RUNPATH_SEARCH_PATHS = "$(inherited) @executable_path/Frameworks";
				PRODUCT_BUNDLE_IDENTIFIER = "com.justonejess.justonejess-social";
				PRODUCT_NAME = "$(TARGET_NAME)";
				SWIFT_OBJC_BRIDGING_HEADER = "";
			};
			name = Release;
		};
/* End XCBuildConfiguration section */

/* Begin XCConfigurationList section */
		C8C20F5A1CCE3BAA009369AD /* Build configuration list for PBXProject "justonejess-social" */ = {
			isa = XCConfigurationList;
			buildConfigurations = (
				C8C20F6F1CCE3BAA009369AD /* Debug */,
				C8C20F701CCE3BAA009369AD /* Release */,
			);
			defaultConfigurationIsVisible = 0;
			defaultConfigurationName = Release;
		};
		C8C20F711CCE3BAA009369AD /* Build configuration list for PBXNativeTarget "justonejess-social" */ = {
			isa = XCConfigurationList;
			buildConfigurations = (
				C8C20F721CCE3BAA009369AD /* Debug */,
				C8C20F731CCE3BAA009369AD /* Release */,
			);
			defaultConfigurationIsVisible = 0;
			defaultConfigurationName = Release;
		};
/* End XCConfigurationList section */
	};
	rootObject = C8C20F571CCE3BA9009369AD /* Project object */;
}
